Microsoft Visual Studio Solution File, Format Version 12.00
# Visual Studio Version 17
VisualStudioVersion = 17.5.2.0
MinimumVisualStudioVersion = 10.0.40219.1
Project("{FAE04EC0-301F-11D3-BF4B-00C04F79EFBC}") = "QuestionBuilderAI.Api", "QuestionBuilderAI.Api.csproj", "{498BAE5E-3D93-3B66-27A9-AD6A835B7E7B}"
EndProject
Global
	GlobalSection(SolutionConfigurationPlatforms) = preSolution
		Debug|Any CPU = Debug|Any CPU
		Release|Any CPU = Release|Any CPU
	EndGlobalSection
	GlobalSection(ProjectConfigurationPlatforms) = postSolution
		{498BAE5E-3D93-3B66-27A9-AD6A835B7E7B}.Debug|Any CPU.ActiveCfg = Debug|Any CPU
		{498BAE5E-3D93-3B66-27A9-AD6A835B7E7B}.Debug|Any CPU.Build.0 = Debug|Any CPU
		{498BAE5E-3D93-3B66-27A9-AD6A835B7E7B}.Release|Any CPU.ActiveCfg = Release|Any CPU
		{498BAE5E-3D93-3B66-27A9-AD6A835B7E7B}.Release|Any CPU.Build.0 = Release|Any CPU
	EndGlobalSection
	GlobalSection(SolutionProperties) = preSolution
		HideSolutionNode = FALSE
	EndGlobalSection
	GlobalSection(ExtensibilityGlobals) = postSolution
		SolutionGuid = {F280BCF1-299A-4918-8E95-5AF9DBE59F9C}
	EndGlobalSection
EndGlobal
